
Microsoft Visual Studio Solution File, Format Version 12.00
# Visual Studio Version 16
VisualStudioVersion = 16.0.30503.244
MinimumVisualStudioVersion = 10.0.40219.1
Project("{FAE04EC0-301F-11D3-BF4B-00C04F79EFBC}") = "WebApp-IoT-PN", "WebApp-IoT-PN\WebApp-IoT-PN.csproj", "{484052A3-68F0-4668-999E-EAFC86C28FB9}"
EndProject
Global
	GlobalSection(SolutionConfigurationPlatforms) = preSolution
		Debug|Any CPU = Debug|Any CPU
		Release|Any CPU = Release|Any CPU
	EndGlobalSection
	GlobalSection(ProjectConfigurationPlatforms) = postSolution
		{484052A3-68F0-4668-999E-EAFC86C28FB9}.Debug|Any CPU.ActiveCfg = Debug|Any CPU
		{484052A3-68F0-4668-999E-EAFC86C28FB9}.Debug|Any CPU.Build.0 = Debug|Any CPU
		{484052A3-68F0-4668-999E-EAFC86C28FB9}.Release|Any CPU.ActiveCfg = Release|Any CPU
		{484052A3-68F0-4668-999E-EAFC86C28FB9}.Release|Any CPU.Build.0 = Release|Any CPU
	EndGlobalSection
	GlobalSection(SolutionProperties) = preSolution
		HideSolutionNode = FALSE
	EndGlobalSection
	GlobalSection(ExtensibilityGlobals) = postSolution
		SolutionGuid = {85B4FD5B-3BC9-491E-9008-2F1731169B02}
	EndGlobalSection
EndGlobal
